
Microsoft Visual Studio Solution File, Format Version 12.00
# Visual Studio Version 17
VisualStudioVersion = 17.7.34031.279
MinimumVisualStudioVersion = 10.0.40219.1
Project("{FAE04EC0-301F-11D3-BF4B-00C04F79EFBC}") = "charnteEV3", "charnteEV3.csproj", "{58F7C244-AA9D-4C1B-849C-55F4095BDC9C}"
EndProject
Global
	GlobalSection(SolutionConfigurationPlatforms) = preSolution
		Debug|Any CPU = Debug|Any CPU
		Release|Any CPU = Release|Any CPU
	EndGlobalSection
	GlobalSection(ProjectConfigurationPlatforms) = postSolution
		{58F7C244-AA9D-4C1B-849C-55F4095BDC9C}.Debug|Any CPU.ActiveCfg = Debug|Any CPU
		{58F7C244-AA9D-4C1B-849C-55F4095BDC9C}.Debug|Any CPU.Build.0 = Debug|Any CPU
		{58F7C244-AA9D-4C1B-849C-55F4095BDC9C}.Release|Any CPU.ActiveCfg = Release|Any CPU
		{58F7C244-AA9D-4C1B-849C-55F4095BDC9C}.Release|Any CPU.Build.0 = Release|Any CPU
	EndGlobalSection
	GlobalSection(SolutionProperties) = preSolution
		HideSolutionNode = FALSE
	EndGlobalSection
	GlobalSection(ExtensibilityGlobals) = postSolution
		SolutionGuid = {01A60D41-1032-4BDB-AD6A-41FD7DFED6A9}
	EndGlobalSection
EndGlobal
